
Microsoft Visual Studio Solution File, Format Version 12.00
# Visual Studio 14
VisualStudioVersion = 14.0.24720.0
MinimumVisualStudioVersion = 10.0.40219.1
Project("{F184B08F-C81C-45F6-A57F-5ABD9991F28F}") = "Mapeable", "Mapeable\Mapeable.vbproj", "{CC1CA7D2-2647-47C5-BBFA-F4836A4DED8F}"
EndProject
Project("{F184B08F-C81C-45F6-A57F-5ABD9991F28F}") = "Mapeable.UnitTests", "Mapeable.UnitTests\Mapeable.UnitTests.vbproj", "{E3DFC503-5C0F-4599-AA96-4F2516F5B651}"
EndProject
Project("{FAE04EC0-301F-11D3-BF4B-00C04F79EFBC}") = "Mapeable.ComparacionesParaPruebasUnitarias", "Mapeable.ComparacionesParaPruebasUnitarias\Mapeable.ComparacionesParaPruebasUnitarias.csproj", "{17C9A65A-83BB-4C91-84B0-F5D8FE17F2DC}"
EndProject
Project("{F184B08F-C81C-45F6-A57F-5ABD9991F28F}") = "Mapeable.ComparacionesParaPruebasUnitarias.UnitTests", "Mapeable.ComparacionesParaPruebasUnitarias.UnitTests\Mapeable.ComparacionesParaPruebasUnitarias.UnitTests.vbproj", "{BE9BE3C7-21C7-43E5-96A8-5CE748BDFD3F}"
EndProject
Global
	GlobalSection(SolutionConfigurationPlatforms) = preSolution
		Debug|Any CPU = Debug|Any CPU
		Release|Any CPU = Release|Any CPU
	EndGlobalSection
	GlobalSection(ProjectConfigurationPlatforms) = postSolution
		{CC1CA7D2-2647-47C5-BBFA-F4836A4DED8F}.Debug|Any CPU.ActiveCfg = Debug|Any CPU
		{CC1CA7D2-2647-47C5-BBFA-F4836A4DED8F}.Debug|Any CPU.Build.0 = Debug|Any CPU
		{CC1CA7D2-2647-47C5-BBFA-F4836A4DED8F}.Release|Any CPU.ActiveCfg = Release|Any CPU
		{CC1CA7D2-2647-47C5-BBFA-F4836A4DED8F}.Release|Any CPU.Build.0 = Release|Any CPU
		{E3DFC503-5C0F-4599-AA96-4F2516F5B651}.Debug|Any CPU.ActiveCfg = Debug|Any CPU
		{E3DFC503-5C0F-4599-AA96-4F2516F5B651}.Debug|Any CPU.Build.0 = Debug|Any CPU
		{E3DFC503-5C0F-4599-AA96-4F2516F5B651}.Release|Any CPU.ActiveCfg = Release|Any CPU
		{E3DFC503-5C0F-4599-AA96-4F2516F5B651}.Release|Any CPU.Build.0 = Release|Any CPU
		{17C9A65A-83BB-4C91-84B0-F5D8FE17F2DC}.Debug|Any CPU.ActiveCfg = Debug|Any CPU
		{17C9A65A-83BB-4C91-84B0-F5D8FE17F2DC}.Debug|Any CPU.Build.0 = Debug|Any CPU
		{17C9A65A-83BB-4C91-84B0-F5D8FE17F2DC}.Release|Any CPU.ActiveCfg = Release|Any CPU
		{17C9A65A-83BB-4C91-84B0-F5D8FE17F2DC}.Release|Any CPU.Build.0 = Release|Any CPU
		{BE9BE3C7-21C7-43E5-96A8-5CE748BDFD3F}.Debug|Any CPU.ActiveCfg = Debug|Any CPU
		{BE9BE3C7-21C7-43E5-96A8-5CE748BDFD3F}.Debug|Any CPU.Build.0 = Debug|Any CPU
		{BE9BE3C7-21C7-43E5-96A8-5CE748BDFD3F}.Release|Any CPU.ActiveCfg = Release|Any CPU
		{BE9BE3C7-21C7-43E5-96A8-5CE748BDFD3F}.Release|Any CPU.Build.0 = Release|Any CPU
	EndGlobalSection
	GlobalSection(SolutionProperties) = preSolution
		HideSolutionNode = FALSE
	EndGlobalSection
EndGlobal
